
Microsoft Visual Studio Solution File, Format Version 12.00
# Visual Studio Version 17
VisualStudioVersion = 17.7.34024.191
MinimumVisualStudioVersion = 10.0.40219.1
Project("{9A19103F-16F7-4668-BE54-9A1E7A4F7556}") = "RobotAppAPI", "RobotApp\RobotAppAPI.csproj", "{7BC77A5F-7629-4B5E-B000-B5958E798257}"
EndProject
Project("{FAE04EC0-301F-11D3-BF4B-00C04F79EFBC}") = "DAL", "DAL\DAL.csproj", "{CC246052-099E-41D7-B6E0-8AF456AFF12A}"
EndProject
Project("{FAE04EC0-301F-11D3-BF4B-00C04F79EFBC}") = "BL", "BL\BL.csproj", "{BB239BEE-2A8B-46C1-A6C8-4B7C89880796}"
EndProject
Global
	GlobalSection(SolutionConfigurationPlatforms) = preSolution
		Debug|Any CPU = Debug|Any CPU
		Release|Any CPU = Release|Any CPU
	EndGlobalSection
	GlobalSection(ProjectConfigurationPlatforms) = postSolution
		{7BC77A5F-7629-4B5E-B000-B5958E798257}.Debug|Any CPU.ActiveCfg = Debug|Any CPU
		{7BC77A5F-7629-4B5E-B000-B5958E798257}.Debug|Any CPU.Build.0 = Debug|Any CPU
		{7BC77A5F-7629-4B5E-B000-B5958E798257}.Release|Any CPU.ActiveCfg = Release|Any CPU
		{7BC77A5F-7629-4B5E-B000-B5958E798257}.Release|Any CPU.Build.0 = Release|Any CPU
		{CC246052-099E-41D7-B6E0-8AF456AFF12A}.Debug|Any CPU.ActiveCfg = Debug|Any CPU
		{CC246052-099E-41D7-B6E0-8AF456AFF12A}.Debug|Any CPU.Build.0 = Debug|Any CPU
		{CC246052-099E-41D7-B6E0-8AF456AFF12A}.Release|Any CPU.ActiveCfg = Release|Any CPU
		{CC246052-099E-41D7-B6E0-8AF456AFF12A}.Release|Any CPU.Build.0 = Release|Any CPU
		{BB239BEE-2A8B-46C1-A6C8-4B7C89880796}.Debug|Any CPU.ActiveCfg = Debug|Any CPU
		{BB239BEE-2A8B-46C1-A6C8-4B7C89880796}.Debug|Any CPU.Build.0 = Debug|Any CPU
		{BB239BEE-2A8B-46C1-A6C8-4B7C89880796}.Release|Any CPU.ActiveCfg = Release|Any CPU
		{BB239BEE-2A8B-46C1-A6C8-4B7C89880796}.Release|Any CPU.Build.0 = Release|Any CPU
	EndGlobalSection
	GlobalSection(SolutionProperties) = preSolution
		HideSolutionNode = FALSE
	EndGlobalSection
	GlobalSection(ExtensibilityGlobals) = postSolution
		SolutionGuid = {4F18291A-DFC2-4FDA-A14F-AC626E274210}
	EndGlobalSection
EndGlobal
